
Microsoft Visual Studio Solution File, Format Version 12.00
# Visual Studio Version 16
VisualStudioVersion = 16.0.29025.244
MinimumVisualStudioVersion = 10.0.40219.1
Project("{FAE04EC0-301F-11D3-BF4B-00C04F79EFBC}") = "Fitness.BL", "Fitness.BL\Fitness.BL.csproj", "{ED98DD8F-0C56-4F05-AE99-649B0A0369D2}"
EndProject
Project("{FAE04EC0-301F-11D3-BF4B-00C04F79EFBC}") = "Fitness.CMD", "Fitness.CMD\Fitness.CMD.csproj", "{5FF472D1-F98F-451D-90B4-FA45FA150B86}"
EndProject
Global
	GlobalSection(SolutionConfigurationPlatforms) = preSolution
		Debug|Any CPU = Debug|Any CPU
		Release|Any CPU = Release|Any CPU
	EndGlobalSection
	GlobalSection(ProjectConfigurationPlatforms) = postSolution
		{ED98DD8F-0C56-4F05-AE99-649B0A0369D2}.Debug|Any CPU.ActiveCfg = Debug|Any CPU
		{ED98DD8F-0C56-4F05-AE99-649B0A0369D2}.Debug|Any CPU.Build.0 = Debug|Any CPU
		{ED98DD8F-0C56-4F05-AE99-649B0A0369D2}.Release|Any CPU.ActiveCfg = Release|Any CPU
		{ED98DD8F-0C56-4F05-AE99-649B0A0369D2}.Release|Any CPU.Build.0 = Release|Any CPU
		{5FF472D1-F98F-451D-90B4-FA45FA150B86}.Debug|Any CPU.ActiveCfg = Debug|Any CPU
		{5FF472D1-F98F-451D-90B4-FA45FA150B86}.Debug|Any CPU.Build.0 = Debug|Any CPU
		{5FF472D1-F98F-451D-90B4-FA45FA150B86}.Release|Any CPU.ActiveCfg = Release|Any CPU
		{5FF472D1-F98F-451D-90B4-FA45FA150B86}.Release|Any CPU.Build.0 = Release|Any CPU
	EndGlobalSection
	GlobalSection(SolutionProperties) = preSolution
		HideSolutionNode = FALSE
	EndGlobalSection
	GlobalSection(ExtensibilityGlobals) = postSolution
		SolutionGuid = {2FD0628D-8415-4F28-B3F4-AE1877F6088E}
	EndGlobalSection
EndGlobal
